
Microsoft Visual Studio Solution File, Format Version 12.00
# Visual Studio Version 16
VisualStudioVersion = 16.0.32106.194
MinimumVisualStudioVersion = 10.0.40219.1
Project("{FAE04EC0-301F-11D3-BF4B-00C04F79EFBC}") = "WABlockchain", "WABlockchain\WABlockchain.csproj", "{AF512FD0-9AD3-4852-B8BD-BBA1C8BA818B}"
EndProject
Project("{E24C65DC-7377-472B-9ABA-BC803B73C61A}") = "SWADBlockchain", "SWADBlockchain\", "{1F3FA1C2-1120-4906-957F-62BF345AC667}"
	ProjectSection(WebsiteProperties) = preProject
		TargetFrameworkMoniker = ".NETFramework,Version%3Dv4.7.2"
		Debug.AspNetCompiler.VirtualPath = "/localhost_59383"
		Debug.AspNetCompiler.PhysicalPath = "SWADBlockchain\"
		Debug.AspNetCompiler.TargetPath = "PrecompiledWeb\localhost_59383\"
		Debug.AspNetCompiler.Updateable = "true"
		Debug.AspNetCompiler.ForceOverwrite = "true"
		Debug.AspNetCompiler.FixedNames = "false"
		Debug.AspNetCompiler.Debug = "True"
		Release.AspNetCompiler.VirtualPath = "/localhost_59383"
		Release.AspNetCompiler.PhysicalPath = "SWADBlockchain\"
		Release.AspNetCompiler.TargetPath = "PrecompiledWeb\localhost_59383\"
		Release.AspNetCompiler.Updateable = "true"
		Release.AspNetCompiler.ForceOverwrite = "true"
		Release.AspNetCompiler.FixedNames = "false"
		Release.AspNetCompiler.Debug = "False"
		VWDPort = "59383"
		SlnRelativePath = "SWADBlockchain\"
		DefaultWebSiteLanguage = "Visual C#"
	EndProjectSection
EndProject
Project("{E24C65DC-7377-472B-9ABA-BC803B73C61A}") = "SWADNetvalle", "SWADNetvalle\", "{AE8B27DA-C3D6-498A-ADDC-16090F6FB9B8}"
	ProjectSection(WebsiteProperties) = preProject
		TargetFrameworkMoniker = ".NETFramework,Version%3Dv4.7.2"
		Debug.AspNetCompiler.VirtualPath = "/localhost_59389"
		Debug.AspNetCompiler.PhysicalPath = "SWADNetvalle\"
		Debug.AspNetCompiler.TargetPath = "PrecompiledWeb\localhost_59389\"
		Debug.AspNetCompiler.Updateable = "true"
		Debug.AspNetCompiler.ForceOverwrite = "true"
		Debug.AspNetCompiler.FixedNames = "false"
		Debug.AspNetCompiler.Debug = "True"
		Release.AspNetCompiler.VirtualPath = "/localhost_59389"
		Release.AspNetCompiler.PhysicalPath = "SWADNetvalle\"
		Release.AspNetCompiler.TargetPath = "PrecompiledWeb\localhost_59389\"
		Release.AspNetCompiler.Updateable = "true"
		Release.AspNetCompiler.ForceOverwrite = "true"
		Release.AspNetCompiler.FixedNames = "false"
		Release.AspNetCompiler.Debug = "False"
		VWDPort = "59389"
		SlnRelativePath = "SWADNetvalle\"
		DefaultWebSiteLanguage = "Visual C#"
	EndProjectSection
EndProject
Global
	GlobalSection(SolutionConfigurationPlatforms) = preSolution
		Debug|Any CPU = Debug|Any CPU
		Release|Any CPU = Release|Any CPU
	EndGlobalSection
	GlobalSection(ProjectConfigurationPlatforms) = postSolution
		{AF512FD0-9AD3-4852-B8BD-BBA1C8BA818B}.Debug|Any CPU.ActiveCfg = Debug|Any CPU
		{AF512FD0-9AD3-4852-B8BD-BBA1C8BA818B}.Debug|Any CPU.Build.0 = Debug|Any CPU
		{AF512FD0-9AD3-4852-B8BD-BBA1C8BA818B}.Release|Any CPU.ActiveCfg = Release|Any CPU
		{AF512FD0-9AD3-4852-B8BD-BBA1C8BA818B}.Release|Any CPU.Build.0 = Release|Any CPU
		{1F3FA1C2-1120-4906-957F-62BF345AC667}.Debug|Any CPU.ActiveCfg = Debug|Any CPU
		{1F3FA1C2-1120-4906-957F-62BF345AC667}.Debug|Any CPU.Build.0 = Debug|Any CPU
		{1F3FA1C2-1120-4906-957F-62BF345AC667}.Release|Any CPU.ActiveCfg = Debug|Any CPU
		{1F3FA1C2-1120-4906-957F-62BF345AC667}.Release|Any CPU.Build.0 = Debug|Any CPU
		{AE8B27DA-C3D6-498A-ADDC-16090F6FB9B8}.Debug|Any CPU.ActiveCfg = Debug|Any CPU
		{AE8B27DA-C3D6-498A-ADDC-16090F6FB9B8}.Debug|Any CPU.Build.0 = Debug|Any CPU
		{AE8B27DA-C3D6-498A-ADDC-16090F6FB9B8}.Release|Any CPU.ActiveCfg = Debug|Any CPU
		{AE8B27DA-C3D6-498A-ADDC-16090F6FB9B8}.Release|Any CPU.Build.0 = Debug|Any CPU
	EndGlobalSection
	GlobalSection(SolutionProperties) = preSolution
		HideSolutionNode = FALSE
	EndGlobalSection
	GlobalSection(ExtensibilityGlobals) = postSolution
		SolutionGuid = {E1FD204E-BC5D-4285-929F-733F6764B615}
	EndGlobalSection
EndGlobal
